{
  "name": "educeditor",
  "lockfileVersion": 2,
  "requires": true,
  "packages": {
    "": {
      "dependencies": {
        "slate-history": "^0.66.0"
      }
    },
    "node_modules/immer": {
      "version": "9.0.14",
      "resolved": "https://registry.npmjs.org/immer/-/immer-9.0.14.tgz",
      "integrity": "sha512-ubBeqQutOSLIFCUBN03jGeOS6a3DoYlSYwYJTa+gSKEZKU5redJIqkIdZ3JVv/4RZpfcXdAWH5zCNLWPRv2WDw==",
      "peer": true,
      "funding": {
        "type": "opencollective",
        "url": "https://opencollective.com/immer"
      }
    },
    "node_modules/is-plain-object": {
      "version": "5.0.0",
      "resolved": "https://registry.npmjs.org/is-plain-object/-/is-plain-object-5.0.0.tgz",
      "integrity": "sha512-VRSzKkbMm5jMDoKLbltAkFQ5Qr7VDiTFGXxYFXXowVj387GeGNOCsOH6Msy00SGZ3Fp84b1Naa1psqgcCIEP5Q==",
      "engines": {
        "node": ">=0.10.0"
      }
    },
    "node_modules/slate": {
      "version": "0.78.0",
      "resolved": "https://registry.npmjs.org/slate/-/slate-0.78.0.tgz",
      "integrity": "sha512-VwQ0RafT3JPf9SFrXI02Dh3S4Iz9en7d1nn50C/LJjjqjfgv+a2ORbgWMdYjhycPYldaxJwcI3OpP9D1g4SXEg==",
      "peer": true,
      "dependencies": {
        "immer": "^9.0.6",
        "is-plain-object": "^5.0.0",
        "tiny-warning": "^1.0.3"
      }
    },
    "node_modules/slate-history": {
      "version": "0.66.0",
      "resolved": "https://registry.npmjs.org/slate-history/-/slate-history-0.66.0.tgz",
      "integrity": "sha512-6MWpxGQZiMvSINlCbMW43E2YBSVMCMCIwQfBzGssjWw4kb0qfvj0pIdblWNRQZD0hR6WHP+dHHgGSeVdMWzfng==",
      "dependencies": {
        "is-plain-object": "^5.0.0"
      },
      "peerDependencies": {
        "slate": ">=0.65.3"
      }
    },
    "node_modules/tiny-warning": {
      "version": "1.0.3",
      "resolved": "https://registry.npmjs.org/tiny-warning/-/tiny-warning-1.0.3.tgz",
      "integrity": "sha512-lBN9zLN/oAf68o3zNXYrdCt1kP8WsiGW8Oo2ka41b2IM5JL/S1CTyX1rW0mb/zSuJun0ZUrDxx4sqvYS2FWzPA==",
      "peer": true
    }
  },
  "dependencies": {
    "immer": {
      "version": "9.0.14",
      "resolved": "https://registry.npmjs.org/immer/-/immer-9.0.14.tgz",
      "integrity": "sha512-ubBeqQutOSLIFCUBN03jGeOS6a3DoYlSYwYJTa+gSKEZKU5redJIqkIdZ3JVv/4RZpfcXdAWH5zCNLWPRv2WDw==",
      "peer": true
    },
    "is-plain-object": {
      "version": "5.0.0",
      "resolved": "https://registry.npmjs.org/is-plain-object/-/is-plain-object-5.0.0.tgz",
      "integrity": "sha512-VRSzKkbMm5jMDoKLbltAkFQ5Qr7VDiTFGXxYFXXowVj387GeGNOCsOH6Msy00SGZ3Fp84b1Naa1psqgcCIEP5Q=="
    },
    "slate": {
      "version": "0.78.0",
      "resolved": "https://registry.npmjs.org/slate/-/slate-0.78.0.tgz",
      "integrity": "sha512-VwQ0RafT3JPf9SFrXI02Dh3S4Iz9en7d1nn50C/LJjjqjfgv+a2ORbgWMdYjhycPYldaxJwcI3OpP9D1g4SXEg==",
      "peer": true,
      "requires": {
        "immer": "^9.0.6",
        "is-plain-object": "^5.0.0",
        "tiny-warning": "^1.0.3"
      }
    },
    "slate-history": {
      "version": "0.66.0",
      "resolved": "https://registry.npmjs.org/slate-history/-/slate-history-0.66.0.tgz",
      "integrity": "sha512-6MWpxGQZiMvSINlCbMW43E2YBSVMCMCIwQfBzGssjWw4kb0qfvj0pIdblWNRQZD0hR6WHP+dHHgGSeVdMWzfng==",
      "requires": {
        "is-plain-object": "^5.0.0"
      }
    },
    "tiny-warning": {
      "version": "1.0.3",
      "resolved": "https://registry.npmjs.org/tiny-warning/-/tiny-warning-1.0.3.tgz",
      "integrity": "sha512-lBN9zLN/oAf68o3zNXYrdCt1kP8WsiGW8Oo2ka41b2IM5JL/S1CTyX1rW0mb/zSuJun0ZUrDxx4sqvYS2FWzPA==",
      "peer": true
    }
  }
}
